
Microsoft Visual Studio Solution File, Format Version 12.00
# Visual Studio 14
VisualStudioVersion = 14.0.25420.1
MinimumVisualStudioVersion = 10.0.40219.1
Project("{FAE04EC0-301F-11D3-BF4B-00C04F79EFBC}") = "App-manager.DAO", "App-manager.DAO\App-manager.DAO.csproj", "{0FC5BD74-F0D9-4BCB-8831-AC280C994078}"
EndProject
Project("{FAE04EC0-301F-11D3-BF4B-00C04F79EFBC}") = "App-manager.Model", "App-manager.Model\App-manager.Model.csproj", "{B3892569-C6A1-4680-A41D-797AFFFF3DA8}"
EndProject
Project("{FAE04EC0-301F-11D3-BF4B-00C04F79EFBC}") = "App-manager.Service", "App-manager.Service\App-manager.Service.csproj", "{DFBA3F8B-43F4-4FD9-89B2-F34C9CB2804B}"
EndProject
Global
	GlobalSection(SolutionConfigurationPlatforms) = preSolution
		Debug|Any CPU = Debug|Any CPU
		Release|Any CPU = Release|Any CPU
	EndGlobalSection
	GlobalSection(ProjectConfigurationPlatforms) = postSolution
		{0FC5BD74-F0D9-4BCB-8831-AC280C994078}.Debug|Any CPU.ActiveCfg = Debug|Any CPU
		{0FC5BD74-F0D9-4BCB-8831-AC280C994078}.Debug|Any CPU.Build.0 = Debug|Any CPU
		{0FC5BD74-F0D9-4BCB-8831-AC280C994078}.Release|Any CPU.ActiveCfg = Release|Any CPU
		{0FC5BD74-F0D9-4BCB-8831-AC280C994078}.Release|Any CPU.Build.0 = Release|Any CPU
		{B3892569-C6A1-4680-A41D-797AFFFF3DA8}.Debug|Any CPU.ActiveCfg = Debug|Any CPU
		{B3892569-C6A1-4680-A41D-797AFFFF3DA8}.Debug|Any CPU.Build.0 = Debug|Any CPU
		{B3892569-C6A1-4680-A41D-797AFFFF3DA8}.Release|Any CPU.ActiveCfg = Release|Any CPU
		{B3892569-C6A1-4680-A41D-797AFFFF3DA8}.Release|Any CPU.Build.0 = Release|Any CPU
		{DFBA3F8B-43F4-4FD9-89B2-F34C9CB2804B}.Debug|Any CPU.ActiveCfg = Debug|Any CPU
		{DFBA3F8B-43F4-4FD9-89B2-F34C9CB2804B}.Debug|Any CPU.Build.0 = Debug|Any CPU
		{DFBA3F8B-43F4-4FD9-89B2-F34C9CB2804B}.Release|Any CPU.ActiveCfg = Release|Any CPU
		{DFBA3F8B-43F4-4FD9-89B2-F34C9CB2804B}.Release|Any CPU.Build.0 = Release|Any CPU
	EndGlobalSection
	GlobalSection(SolutionProperties) = preSolution
		HideSolutionNode = FALSE
	EndGlobalSection
EndGlobal
